
Microsoft Visual Studio Solution File, Format Version 12.00
# Visual Studio Version 17
VisualStudioVersion = 17.0.31903.59
MinimumVisualStudioVersion = 10.0.40219.1
Project("{2150E333-8FDC-42A3-9474-1A3956D46DE8}") = "src", "src", "{827E0CD3-B72D-47B6-A68D-7590B98EB39B}"
EndProject
Project("{FAE04EC0-301F-11D3-BF4B-00C04F79EFBC}") = "ManagedCode.Presidio.Core", "src\ManagedCode.Presidio.Core\ManagedCode.Presidio.Core.csproj", "{4A974A87-C45D-4FB3-99D4-2F47E64B165C}"
EndProject
Project("{FAE04EC0-301F-11D3-BF4B-00C04F79EFBC}") = "ManagedCode.Presidio.Analyzer", "src\ManagedCode.Presidio.Analyzer\ManagedCode.Presidio.Analyzer.csproj", "{D623F643-D815-4C4B-B4AC-5286FACBFBA1}"
EndProject
Project("{FAE04EC0-301F-11D3-BF4B-00C04F79EFBC}") = "ManagedCode.Presidio.Anonymizer", "src\ManagedCode.Presidio.Anonymizer\ManagedCode.Presidio.Anonymizer.csproj", "{FCD2CEF0-BF55-4059-AA1D-9E82A5C52496}"
EndProject
Project("{FAE04EC0-301F-11D3-BF4B-00C04F79EFBC}") = "ManagedCode.Presidio.ImageRedactor", "src\ManagedCode.Presidio.ImageRedactor\ManagedCode.Presidio.ImageRedactor.csproj", "{D01D9F55-197F-4BA8-9057-5707BAB5762D}"
EndProject
Project("{FAE04EC0-301F-11D3-BF4B-00C04F79EFBC}") = "ManagedCode.Presidio.Structured", "src\ManagedCode.Presidio.Structured\ManagedCode.Presidio.Structured.csproj", "{29919B5B-1173-43D0-9AC1-725E9E31ED5D}"
EndProject
Project("{FAE04EC0-301F-11D3-BF4B-00C04F79EFBC}") = "ManagedCode.Presidio.Core.Tests", "tests\ManagedCode.Presidio.Core.Tests\ManagedCode.Presidio.Core.Tests.csproj", "{2207F8ED-18C5-4C45-872E-55C8AED35E3B}"
EndProject
Project("{FAE04EC0-301F-11D3-BF4B-00C04F79EFBC}") = "ManagedCode.Presidio.Core.IntegrationTests", "tests\ManagedCode.Presidio.Core.IntegrationTests\ManagedCode.Presidio.Core.IntegrationTests.csproj", "{49A86FD3-BCA0-47DC-8DB9-91D8FEBC5DA4}"
EndProject
Project("{FAE04EC0-301F-11D3-BF4B-00C04F79EFBC}") = "ManagedCode.Presidio.Analyzer.Tests", "tests\ManagedCode.Presidio.Analyzer.Tests\ManagedCode.Presidio.Analyzer.Tests.csproj", "{218456C2-10B1-43E7-892E-CD75E8A8E9D9}"
EndProject
Project("{FAE04EC0-301F-11D3-BF4B-00C04F79EFBC}") = "ManagedCode.Presidio.Anonymizer.Tests", "tests\ManagedCode.Presidio.Anonymizer.Tests\ManagedCode.Presidio.Anonymizer.Tests.csproj", "{CAEA9199-AA2C-4466-8D99-C8FBFD7D67BA}"
EndProject
Project("{FAE04EC0-301F-11D3-BF4B-00C04F79EFBC}") = "ManagedCode.Presidio.ImageRedactor.Tests", "tests\ManagedCode.Presidio.ImageRedactor.Tests\ManagedCode.Presidio.ImageRedactor.Tests.csproj", "{98C9CBA1-D861-4F11-B16F-11A32ED85FD3}"
EndProject
Project("{FAE04EC0-301F-11D3-BF4B-00C04F79EFBC}") = "ManagedCode.Presidio.Structured.Tests", "tests\ManagedCode.Presidio.Structured.Tests\ManagedCode.Presidio.Structured.Tests.csproj", "{029F4891-CD92-4623-9429-F9249B431960}"
EndProject
Project("{2150E333-8FDC-42A3-9474-1A3956D46DE8}") = "tests", "tests", "{4E9AB2AC-0D26-4C1A-9E00-A9689F4C0BAA}"
EndProject
Global
	GlobalSection(SolutionConfigurationPlatforms) = preSolution
		Debug|Any CPU = Debug|Any CPU
		Debug|x64 = Debug|x64
		Debug|x86 = Debug|x86
		Release|Any CPU = Release|Any CPU
		Release|x64 = Release|x64
		Release|x86 = Release|x86
	EndGlobalSection
	GlobalSection(ProjectConfigurationPlatforms) = postSolution
		{4A974A87-C45D-4FB3-99D4-2F47E64B165C}.Debug|Any CPU.ActiveCfg = Debug|Any CPU
		{4A974A87-C45D-4FB3-99D4-2F47E64B165C}.Debug|Any CPU.Build.0 = Debug|Any CPU
		{4A974A87-C45D-4FB3-99D4-2F47E64B165C}.Debug|x64.ActiveCfg = Debug|Any CPU
		{4A974A87-C45D-4FB3-99D4-2F47E64B165C}.Debug|x64.Build.0 = Debug|Any CPU
		{4A974A87-C45D-4FB3-99D4-2F47E64B165C}.Debug|x86.ActiveCfg = Debug|Any CPU
		{4A974A87-C45D-4FB3-99D4-2F47E64B165C}.Debug|x86.Build.0 = Debug|Any CPU
		{4A974A87-C45D-4FB3-99D4-2F47E64B165C}.Release|Any CPU.ActiveCfg = Release|Any CPU
		{4A974A87-C45D-4FB3-99D4-2F47E64B165C}.Release|Any CPU.Build.0 = Release|Any CPU
		{4A974A87-C45D-4FB3-99D4-2F47E64B165C}.Release|x64.ActiveCfg = Release|Any CPU
		{4A974A87-C45D-4FB3-99D4-2F47E64B165C}.Release|x64.Build.0 = Release|Any CPU
		{4A974A87-C45D-4FB3-99D4-2F47E64B165C}.Release|x86.ActiveCfg = Release|Any CPU
		{4A974A87-C45D-4FB3-99D4-2F47E64B165C}.Release|x86.Build.0 = Release|Any CPU
		{D623F643-D815-4C4B-B4AC-5286FACBFBA1}.Debug|Any CPU.ActiveCfg = Debug|Any CPU
		{D623F643-D815-4C4B-B4AC-5286FACBFBA1}.Debug|Any CPU.Build.0 = Debug|Any CPU
		{D623F643-D815-4C4B-B4AC-5286FACBFBA1}.Debug|x64.ActiveCfg = Debug|Any CPU
		{D623F643-D815-4C4B-B4AC-5286FACBFBA1}.Debug|x64.Build.0 = Debug|Any CPU
		{D623F643-D815-4C4B-B4AC-5286FACBFBA1}.Debug|x86.ActiveCfg = Debug|Any CPU
		{D623F643-D815-4C4B-B4AC-5286FACBFBA1}.Debug|x86.Build.0 = Debug|Any CPU
		{D623F643-D815-4C4B-B4AC-5286FACBFBA1}.Release|Any CPU.ActiveCfg = Release|Any CPU
		{D623F643-D815-4C4B-B4AC-5286FACBFBA1}.Release|Any CPU.Build.0 = Release|Any CPU
		{D623F643-D815-4C4B-B4AC-5286FACBFBA1}.Release|x64.ActiveCfg = Release|Any CPU
		{D623F643-D815-4C4B-B4AC-5286FACBFBA1}.Release|x64.Build.0 = Release|Any CPU
		{D623F643-D815-4C4B-B4AC-5286FACBFBA1}.Release|x86.ActiveCfg = Release|Any CPU
		{D623F643-D815-4C4B-B4AC-5286FACBFBA1}.Release|x86.Build.0 = Release|Any CPU
		{FCD2CEF0-BF55-4059-AA1D-9E82A5C52496}.Debug|Any CPU.ActiveCfg = Debug|Any CPU
		{FCD2CEF0-BF55-4059-AA1D-9E82A5C52496}.Debug|Any CPU.Build.0 = Debug|Any CPU
		{FCD2CEF0-BF55-4059-AA1D-9E82A5C52496}.Debug|x64.ActiveCfg = Debug|Any CPU
		{FCD2CEF0-BF55-4059-AA1D-9E82A5C52496}.Debug|x64.Build.0 = Debug|Any CPU
		{FCD2CEF0-BF55-4059-AA1D-9E82A5C52496}.Debug|x86.ActiveCfg = Debug|Any CPU
		{FCD2CEF0-BF55-4059-AA1D-9E82A5C52496}.Debug|x86.Build.0 = Debug|Any CPU
		{FCD2CEF0-BF55-4059-AA1D-9E82A5C52496}.Release|Any CPU.ActiveCfg = Release|Any CPU
		{FCD2CEF0-BF55-4059-AA1D-9E82A5C52496}.Release|Any CPU.Build.0 = Release|Any CPU
		{FCD2CEF0-BF55-4059-AA1D-9E82A5C52496}.Release|x64.ActiveCfg = Release|Any CPU
		{FCD2CEF0-BF55-4059-AA1D-9E82A5C52496}.Release|x64.Build.0 = Release|Any CPU
		{FCD2CEF0-BF55-4059-AA1D-9E82A5C52496}.Release|x86.ActiveCfg = Release|Any CPU
		{FCD2CEF0-BF55-4059-AA1D-9E82A5C52496}.Release|x86.Build.0 = Release|Any CPU
		{D01D9F55-197F-4BA8-9057-5707BAB5762D}.Debug|Any CPU.ActiveCfg = Debug|Any CPU
		{D01D9F55-197F-4BA8-9057-5707BAB5762D}.Debug|Any CPU.Build.0 = Debug|Any CPU
		{D01D9F55-197F-4BA8-9057-5707BAB5762D}.Debug|x64.ActiveCfg = Debug|Any CPU
		{D01D9F55-197F-4BA8-9057-5707BAB5762D}.Debug|x64.Build.0 = Debug|Any CPU
		{D01D9F55-197F-4BA8-9057-5707BAB5762D}.Debug|x86.ActiveCfg = Debug|Any CPU
		{D01D9F55-197F-4BA8-9057-5707BAB5762D}.Debug|x86.Build.0 = Debug|Any CPU
		{D01D9F55-197F-4BA8-9057-5707BAB5762D}.Release|Any CPU.ActiveCfg = Release|Any CPU
		{D01D9F55-197F-4BA8-9057-5707BAB5762D}.Release|Any CPU.Build.0 = Release|Any CPU
		{D01D9F55-197F-4BA8-9057-5707BAB5762D}.Release|x64.ActiveCfg = Release|Any CPU
		{D01D9F55-197F-4BA8-9057-5707BAB5762D}.Release|x64.Build.0 = Release|Any CPU
		{D01D9F55-197F-4BA8-9057-5707BAB5762D}.Release|x86.ActiveCfg = Release|Any CPU
		{D01D9F55-197F-4BA8-9057-5707BAB5762D}.Release|x86.Build.0 = Release|Any CPU
		{29919B5B-1173-43D0-9AC1-725E9E31ED5D}.Debug|Any CPU.ActiveCfg = Debug|Any CPU
		{29919B5B-1173-43D0-9AC1-725E9E31ED5D}.Debug|Any CPU.Build.0 = Debug|Any CPU
		{29919B5B-1173-43D0-9AC1-725E9E31ED5D}.Debug|x64.ActiveCfg = Debug|Any CPU
		{29919B5B-1173-43D0-9AC1-725E9E31ED5D}.Debug|x64.Build.0 = Debug|Any CPU
		{29919B5B-1173-43D0-9AC1-725E9E31ED5D}.Debug|x86.ActiveCfg = Debug|Any CPU
		{29919B5B-1173-43D0-9AC1-725E9E31ED5D}.Debug|x86.Build.0 = Debug|Any CPU
		{29919B5B-1173-43D0-9AC1-725E9E31ED5D}.Release|Any CPU.ActiveCfg = Release|Any CPU
		{29919B5B-1173-43D0-9AC1-725E9E31ED5D}.Release|Any CPU.Build.0 = Release|Any CPU
		{29919B5B-1173-43D0-9AC1-725E9E31ED5D}.Release|x64.ActiveCfg = Release|Any CPU
		{29919B5B-1173-43D0-9AC1-725E9E31ED5D}.Release|x64.Build.0 = Release|Any CPU
		{29919B5B-1173-43D0-9AC1-725E9E31ED5D}.Release|x86.ActiveCfg = Release|Any CPU
		{29919B5B-1173-43D0-9AC1-725E9E31ED5D}.Release|x86.Build.0 = Release|Any CPU
		{2207F8ED-18C5-4C45-872E-55C8AED35E3B}.Debug|Any CPU.ActiveCfg = Debug|Any CPU
		{2207F8ED-18C5-4C45-872E-55C8AED35E3B}.Debug|Any CPU.Build.0 = Debug|Any CPU
		{2207F8ED-18C5-4C45-872E-55C8AED35E3B}.Debug|x64.ActiveCfg = Debug|Any CPU
		{2207F8ED-18C5-4C45-872E-55C8AED35E3B}.Debug|x64.Build.0 = Debug|Any CPU
		{2207F8ED-18C5-4C45-872E-55C8AED35E3B}.Debug|x86.ActiveCfg = Debug|Any CPU
		{2207F8ED-18C5-4C45-872E-55C8AED35E3B}.Debug|x86.Build.0 = Debug|Any CPU
		{2207F8ED-18C5-4C45-872E-55C8AED35E3B}.Release|Any CPU.ActiveCfg = Release|Any CPU
		{2207F8ED-18C5-4C45-872E-55C8AED35E3B}.Release|Any CPU.Build.0 = Release|Any CPU
		{2207F8ED-18C5-4C45-872E-55C8AED35E3B}.Release|x64.ActiveCfg = Release|Any CPU
		{2207F8ED-18C5-4C45-872E-55C8AED35E3B}.Release|x64.Build.0 = Release|Any CPU
		{2207F8ED-18C5-4C45-872E-55C8AED35E3B}.Release|x86.ActiveCfg = Release|Any CPU
		{2207F8ED-18C5-4C45-872E-55C8AED35E3B}.Release|x86.Build.0 = Release|Any CPU
		{49A86FD3-BCA0-47DC-8DB9-91D8FEBC5DA4}.Debug|Any CPU.ActiveCfg = Debug|Any CPU
		{49A86FD3-BCA0-47DC-8DB9-91D8FEBC5DA4}.Debug|Any CPU.Build.0 = Debug|Any CPU
		{49A86FD3-BCA0-47DC-8DB9-91D8FEBC5DA4}.Debug|x64.ActiveCfg = Debug|Any CPU
		{49A86FD3-BCA0-47DC-8DB9-91D8FEBC5DA4}.Debug|x64.Build.0 = Debug|Any CPU
		{49A86FD3-BCA0-47DC-8DB9-91D8FEBC5DA4}.Debug|x86.ActiveCfg = Debug|Any CPU
		{49A86FD3-BCA0-47DC-8DB9-91D8FEBC5DA4}.Debug|x86.Build.0 = Debug|Any CPU
		{49A86FD3-BCA0-47DC-8DB9-91D8FEBC5DA4}.Release|Any CPU.ActiveCfg = Release|Any CPU
		{49A86FD3-BCA0-47DC-8DB9-91D8FEBC5DA4}.Release|Any CPU.Build.0 = Release|Any CPU
		{49A86FD3-BCA0-47DC-8DB9-91D8FEBC5DA4}.Release|x64.ActiveCfg = Release|Any CPU
		{49A86FD3-BCA0-47DC-8DB9-91D8FEBC5DA4}.Release|x64.Build.0 = Release|Any CPU
		{49A86FD3-BCA0-47DC-8DB9-91D8FEBC5DA4}.Release|x86.ActiveCfg = Release|Any CPU
		{49A86FD3-BCA0-47DC-8DB9-91D8FEBC5DA4}.Release|x86.Build.0 = Release|Any CPU
		{218456C2-10B1-43E7-892E-CD75E8A8E9D9}.Debug|Any CPU.ActiveCfg = Debug|Any CPU
		{218456C2-10B1-43E7-892E-CD75E8A8E9D9}.Debug|Any CPU.Build.0 = Debug|Any CPU
		{218456C2-10B1-43E7-892E-CD75E8A8E9D9}.Debug|x64.ActiveCfg = Debug|Any CPU
		{218456C2-10B1-43E7-892E-CD75E8A8E9D9}.Debug|x64.Build.0 = Debug|Any CPU
		{218456C2-10B1-43E7-892E-CD75E8A8E9D9}.Debug|x86.ActiveCfg = Debug|Any CPU
		{218456C2-10B1-43E7-892E-CD75E8A8E9D9}.Debug|x86.Build.0 = Debug|Any CPU
		{218456C2-10B1-43E7-892E-CD75E8A8E9D9}.Release|Any CPU.ActiveCfg = Release|Any CPU
		{218456C2-10B1-43E7-892E-CD75E8A8E9D9}.Release|Any CPU.Build.0 = Release|Any CPU
		{218456C2-10B1-43E7-892E-CD75E8A8E9D9}.Release|x64.ActiveCfg = Release|Any CPU
		{218456C2-10B1-43E7-892E-CD75E8A8E9D9}.Release|x64.Build.0 = Release|Any CPU
		{218456C2-10B1-43E7-892E-CD75E8A8E9D9}.Release|x86.ActiveCfg = Release|Any CPU
		{218456C2-10B1-43E7-892E-CD75E8A8E9D9}.Release|x86.Build.0 = Release|Any CPU
		{CAEA9199-AA2C-4466-8D99-C8FBFD7D67BA}.Debug|Any CPU.ActiveCfg = Debug|Any CPU
		{CAEA9199-AA2C-4466-8D99-C8FBFD7D67BA}.Debug|Any CPU.Build.0 = Debug|Any CPU
		{CAEA9199-AA2C-4466-8D99-C8FBFD7D67BA}.Debug|x64.ActiveCfg = Debug|Any CPU
		{CAEA9199-AA2C-4466-8D99-C8FBFD7D67BA}.Debug|x64.Build.0 = Debug|Any CPU
		{CAEA9199-AA2C-4466-8D99-C8FBFD7D67BA}.Debug|x86.ActiveCfg = Debug|Any CPU
		{CAEA9199-AA2C-4466-8D99-C8FBFD7D67BA}.Debug|x86.Build.0 = Debug|Any CPU
		{CAEA9199-AA2C-4466-8D99-C8FBFD7D67BA}.Release|Any CPU.ActiveCfg = Release|Any CPU
		{CAEA9199-AA2C-4466-8D99-C8FBFD7D67BA}.Release|Any CPU.Build.0 = Release|Any CPU
		{CAEA9199-AA2C-4466-8D99-C8FBFD7D67BA}.Release|x64.ActiveCfg = Release|Any CPU
		{CAEA9199-AA2C-4466-8D99-C8FBFD7D67BA}.Release|x64.Build.0 = Release|Any CPU
		{CAEA9199-AA2C-4466-8D99-C8FBFD7D67BA}.Release|x86.ActiveCfg = Release|Any CPU
		{CAEA9199-AA2C-4466-8D99-C8FBFD7D67BA}.Release|x86.Build.0 = Release|Any CPU
		{98C9CBA1-D861-4F11-B16F-11A32ED85FD3}.Debug|Any CPU.ActiveCfg = Debug|Any CPU
		{98C9CBA1-D861-4F11-B16F-11A32ED85FD3}.Debug|Any CPU.Build.0 = Debug|Any CPU
		{98C9CBA1-D861-4F11-B16F-11A32ED85FD3}.Debug|x64.ActiveCfg = Debug|Any CPU
		{98C9CBA1-D861-4F11-B16F-11A32ED85FD3}.Debug|x64.Build.0 = Debug|Any CPU
		{98C9CBA1-D861-4F11-B16F-11A32ED85FD3}.Debug|x86.ActiveCfg = Debug|Any CPU
		{98C9CBA1-D861-4F11-B16F-11A32ED85FD3}.Debug|x86.Build.0 = Debug|Any CPU
		{98C9CBA1-D861-4F11-B16F-11A32ED85FD3}.Release|Any CPU.ActiveCfg = Release|Any CPU
		{98C9CBA1-D861-4F11-B16F-11A32ED85FD3}.Release|Any CPU.Build.0 = Release|Any CPU
		{98C9CBA1-D861-4F11-B16F-11A32ED85FD3}.Release|x64.ActiveCfg = Release|Any CPU
		{98C9CBA1-D861-4F11-B16F-11A32ED85FD3}.Release|x64.Build.0 = Release|Any CPU
		{98C9CBA1-D861-4F11-B16F-11A32ED85FD3}.Release|x86.ActiveCfg = Release|Any CPU
		{98C9CBA1-D861-4F11-B16F-11A32ED85FD3}.Release|x86.Build.0 = Release|Any CPU
		{029F4891-CD92-4623-9429-F9249B431960}.Debug|Any CPU.ActiveCfg = Debug|Any CPU
		{029F4891-CD92-4623-9429-F9249B431960}.Debug|Any CPU.Build.0 = Debug|Any CPU
		{029F4891-CD92-4623-9429-F9249B431960}.Debug|x64.ActiveCfg = Debug|Any CPU
		{029F4891-CD92-4623-9429-F9249B431960}.Debug|x64.Build.0 = Debug|Any CPU
		{029F4891-CD92-4623-9429-F9249B431960}.Debug|x86.ActiveCfg = Debug|Any CPU
		{029F4891-CD92-4623-9429-F9249B431960}.Debug|x86.Build.0 = Debug|Any CPU
		{029F4891-CD92-4623-9429-F9249B431960}.Release|Any CPU.ActiveCfg = Release|Any CPU
		{029F4891-CD92-4623-9429-F9249B431960}.Release|Any CPU.Build.0 = Release|Any CPU
		{029F4891-CD92-4623-9429-F9249B431960}.Release|x64.ActiveCfg = Release|Any CPU
		{029F4891-CD92-4623-9429-F9249B431960}.Release|x64.Build.0 = Release|Any CPU
		{029F4891-CD92-4623-9429-F9249B431960}.Release|x86.ActiveCfg = Release|Any CPU
		{029F4891-CD92-4623-9429-F9249B431960}.Release|x86.Build.0 = Release|Any CPU
	EndGlobalSection
	GlobalSection(SolutionProperties) = preSolution
		HideSolutionNode = FALSE
	EndGlobalSection
	GlobalSection(NestedProjects) = preSolution
		{4A974A87-C45D-4FB3-99D4-2F47E64B165C} = {827E0CD3-B72D-47B6-A68D-7590B98EB39B}
		{D623F643-D815-4C4B-B4AC-5286FACBFBA1} = {827E0CD3-B72D-47B6-A68D-7590B98EB39B}
		{FCD2CEF0-BF55-4059-AA1D-9E82A5C52496} = {827E0CD3-B72D-47B6-A68D-7590B98EB39B}
		{D01D9F55-197F-4BA8-9057-5707BAB5762D} = {827E0CD3-B72D-47B6-A68D-7590B98EB39B}
		{29919B5B-1173-43D0-9AC1-725E9E31ED5D} = {827E0CD3-B72D-47B6-A68D-7590B98EB39B}
		{218456C2-10B1-43E7-892E-CD75E8A8E9D9} = {4E9AB2AC-0D26-4C1A-9E00-A9689F4C0BAA}
		{CAEA9199-AA2C-4466-8D99-C8FBFD7D67BA} = {4E9AB2AC-0D26-4C1A-9E00-A9689F4C0BAA}
		{49A86FD3-BCA0-47DC-8DB9-91D8FEBC5DA4} = {4E9AB2AC-0D26-4C1A-9E00-A9689F4C0BAA}
		{98C9CBA1-D861-4F11-B16F-11A32ED85FD3} = {4E9AB2AC-0D26-4C1A-9E00-A9689F4C0BAA}
		{029F4891-CD92-4623-9429-F9249B431960} = {4E9AB2AC-0D26-4C1A-9E00-A9689F4C0BAA}
		{2207F8ED-18C5-4C45-872E-55C8AED35E3B} = {4E9AB2AC-0D26-4C1A-9E00-A9689F4C0BAA}
	EndGlobalSection
EndGlobal
